
Microsoft Visual Studio Solution File, Format Version 12.00
# Visual Studio Version 16
VisualStudioVersion = 16.0.29503.13
MinimumVisualStudioVersion = 10.0.40219.1
Project("{9A19103F-16F7-4668-BE54-9A1E7A4F7556}") = "StrategyPattern", "StrategyPattern\StrategyPattern.csproj", "{4D32BF47-4C6D-47F8-9603-0A640DE2C1E1}"
EndProject
Project("{9A19103F-16F7-4668-BE54-9A1E7A4F7556}") = "StrategyPattern.Tests", "StrategyPattern.Tests\StrategyPattern.Tests.csproj", "{7BC50A82-2E4A-409E-9D98-F4953C7AD92B}"
EndProject
Project("{9A19103F-16F7-4668-BE54-9A1E7A4F7556}") = "AdapterPattern", "AdapterPattern\AdapterPattern.csproj", "{DD1048BF-2EE8-46E4-9581-FA212A64BDA3}"
EndProject
Project("{9A19103F-16F7-4668-BE54-9A1E7A4F7556}") = "AdapterTests", "AdapterTests\AdapterTests.csproj", "{01C42936-1204-4AE6-92BC-A1BE56E6D842}"
EndProject
Project("{9A19103F-16F7-4668-BE54-9A1E7A4F7556}") = "Singleton", "Singleton\Singleton.csproj", "{C3BE62B2-7318-41D2-8B5B-A91E03718CA9}"
EndProject
Project("{9A19103F-16F7-4668-BE54-9A1E7A4F7556}") = "SingletonUsage", "SingletonUsage\SingletonUsage.csproj", "{2AA0EB6E-3D1C-4079-B800-4BD9B910D09D}"
EndProject
Project("{9A19103F-16F7-4668-BE54-9A1E7A4F7556}") = "Factory", "Factory\Factory.csproj", "{CF3F02A6-57CE-4B4E-9CA2-34E681CA9CA7}"
EndProject
Project("{9A19103F-16F7-4668-BE54-9A1E7A4F7556}") = "Composite", "Composite\Composite.csproj", "{E3F7DC3D-9692-44EC-BB99-357FC4437957}"
EndProject
Project("{9A19103F-16F7-4668-BE54-9A1E7A4F7556}") = "CompositeConsole", "CompositeConsole\CompositeConsole.csproj", "{5219537B-3911-4E00-8DCD-746C80978731}"
EndProject
Project("{9A19103F-16F7-4668-BE54-9A1E7A4F7556}") = "Decorator", "Decorator\Decorator.csproj", "{95477D04-61E8-4DDC-9CAC-94ECFDEFF4D5}"
EndProject
Project("{9A19103F-16F7-4668-BE54-9A1E7A4F7556}") = "DecoratorConsole", "DecoratorConsole\DecoratorConsole.csproj", "{D2E8EFBB-98CE-43E0-9F7C-E3CBB9BE28D3}"
EndProject
Project("{9A19103F-16F7-4668-BE54-9A1E7A4F7556}") = "BridgePattern", "BridgePattern\BridgePattern.csproj", "{D8DAA728-F5B2-4112-BD8A-E369A4E3B827}"
EndProject
Project("{9A19103F-16F7-4668-BE54-9A1E7A4F7556}") = "FlyweightPattern", "FlyweightPattern\FlyweightPattern.csproj", "{0B8CEA8E-34EF-4D6B-BD4C-28D3436A42A7}"
EndProject
Project("{9A19103F-16F7-4668-BE54-9A1E7A4F7556}") = "ProxyPattern", "ProxyPattern\ProxyPattern.csproj", "{EF8DE41B-30CA-415F-BB4D-751467E81342}"
EndProject
Project("{9A19103F-16F7-4668-BE54-9A1E7A4F7556}") = "BridgePatternTest", "BridgePatternTest\BridgePatternTest.csproj", "{44A305BE-53E4-4EEB-8DB2-3F9FAE5FCCD0}"
EndProject
Global
	GlobalSection(SolutionConfigurationPlatforms) = preSolution
		Debug|Any CPU = Debug|Any CPU
		Release|Any CPU = Release|Any CPU
	EndGlobalSection
	GlobalSection(ProjectConfigurationPlatforms) = postSolution
		{4D32BF47-4C6D-47F8-9603-0A640DE2C1E1}.Debug|Any CPU.ActiveCfg = Debug|Any CPU
		{4D32BF47-4C6D-47F8-9603-0A640DE2C1E1}.Debug|Any CPU.Build.0 = Debug|Any CPU
		{4D32BF47-4C6D-47F8-9603-0A640DE2C1E1}.Release|Any CPU.ActiveCfg = Release|Any CPU
		{4D32BF47-4C6D-47F8-9603-0A640DE2C1E1}.Release|Any CPU.Build.0 = Release|Any CPU
		{7BC50A82-2E4A-409E-9D98-F4953C7AD92B}.Debug|Any CPU.ActiveCfg = Debug|Any CPU
		{7BC50A82-2E4A-409E-9D98-F4953C7AD92B}.Debug|Any CPU.Build.0 = Debug|Any CPU
		{7BC50A82-2E4A-409E-9D98-F4953C7AD92B}.Release|Any CPU.ActiveCfg = Release|Any CPU
		{7BC50A82-2E4A-409E-9D98-F4953C7AD92B}.Release|Any CPU.Build.0 = Release|Any CPU
		{DD1048BF-2EE8-46E4-9581-FA212A64BDA3}.Debug|Any CPU.ActiveCfg = Debug|Any CPU
		{DD1048BF-2EE8-46E4-9581-FA212A64BDA3}.Debug|Any CPU.Build.0 = Debug|Any CPU
		{DD1048BF-2EE8-46E4-9581-FA212A64BDA3}.Release|Any CPU.ActiveCfg = Release|Any CPU
		{DD1048BF-2EE8-46E4-9581-FA212A64BDA3}.Release|Any CPU.Build.0 = Release|Any CPU
		{01C42936-1204-4AE6-92BC-A1BE56E6D842}.Debug|Any CPU.ActiveCfg = Debug|Any CPU
		{01C42936-1204-4AE6-92BC-A1BE56E6D842}.Debug|Any CPU.Build.0 = Debug|Any CPU
		{01C42936-1204-4AE6-92BC-A1BE56E6D842}.Release|Any CPU.ActiveCfg = Release|Any CPU
		{01C42936-1204-4AE6-92BC-A1BE56E6D842}.Release|Any CPU.Build.0 = Release|Any CPU
		{C3BE62B2-7318-41D2-8B5B-A91E03718CA9}.Debug|Any CPU.ActiveCfg = Debug|Any CPU
		{C3BE62B2-7318-41D2-8B5B-A91E03718CA9}.Debug|Any CPU.Build.0 = Debug|Any CPU
		{C3BE62B2-7318-41D2-8B5B-A91E03718CA9}.Release|Any CPU.ActiveCfg = Release|Any CPU
		{C3BE62B2-7318-41D2-8B5B-A91E03718CA9}.Release|Any CPU.Build.0 = Release|Any CPU
		{2AA0EB6E-3D1C-4079-B800-4BD9B910D09D}.Debug|Any CPU.ActiveCfg = Debug|Any CPU
		{2AA0EB6E-3D1C-4079-B800-4BD9B910D09D}.Debug|Any CPU.Build.0 = Debug|Any CPU
		{2AA0EB6E-3D1C-4079-B800-4BD9B910D09D}.Release|Any CPU.ActiveCfg = Release|Any CPU
		{2AA0EB6E-3D1C-4079-B800-4BD9B910D09D}.Release|Any CPU.Build.0 = Release|Any CPU
		{CF3F02A6-57CE-4B4E-9CA2-34E681CA9CA7}.Debug|Any CPU.ActiveCfg = Debug|Any CPU
		{CF3F02A6-57CE-4B4E-9CA2-34E681CA9CA7}.Debug|Any CPU.Build.0 = Debug|Any CPU
		{CF3F02A6-57CE-4B4E-9CA2-34E681CA9CA7}.Release|Any CPU.ActiveCfg = Release|Any CPU
		{CF3F02A6-57CE-4B4E-9CA2-34E681CA9CA7}.Release|Any CPU.Build.0 = Release|Any CPU
		{E3F7DC3D-9692-44EC-BB99-357FC4437957}.Debug|Any CPU.ActiveCfg = Debug|Any CPU
		{E3F7DC3D-9692-44EC-BB99-357FC4437957}.Debug|Any CPU.Build.0 = Debug|Any CPU
		{E3F7DC3D-9692-44EC-BB99-357FC4437957}.Release|Any CPU.ActiveCfg = Release|Any CPU
		{E3F7DC3D-9692-44EC-BB99-357FC4437957}.Release|Any CPU.Build.0 = Release|Any CPU
		{5219537B-3911-4E00-8DCD-746C80978731}.Debug|Any CPU.ActiveCfg = Debug|Any CPU
		{5219537B-3911-4E00-8DCD-746C80978731}.Debug|Any CPU.Build.0 = Debug|Any CPU
		{5219537B-3911-4E00-8DCD-746C80978731}.Release|Any CPU.ActiveCfg = Release|Any CPU
		{5219537B-3911-4E00-8DCD-746C80978731}.Release|Any CPU.Build.0 = Release|Any CPU
		{95477D04-61E8-4DDC-9CAC-94ECFDEFF4D5}.Debug|Any CPU.ActiveCfg = Debug|Any CPU
		{95477D04-61E8-4DDC-9CAC-94ECFDEFF4D5}.Debug|Any CPU.Build.0 = Debug|Any CPU
		{95477D04-61E8-4DDC-9CAC-94ECFDEFF4D5}.Release|Any CPU.ActiveCfg = Release|Any CPU
		{95477D04-61E8-4DDC-9CAC-94ECFDEFF4D5}.Release|Any CPU.Build.0 = Release|Any CPU
		{D2E8EFBB-98CE-43E0-9F7C-E3CBB9BE28D3}.Debug|Any CPU.ActiveCfg = Debug|Any CPU
		{D2E8EFBB-98CE-43E0-9F7C-E3CBB9BE28D3}.Debug|Any CPU.Build.0 = Debug|Any CPU
		{D2E8EFBB-98CE-43E0-9F7C-E3CBB9BE28D3}.Release|Any CPU.ActiveCfg = Release|Any CPU
		{D2E8EFBB-98CE-43E0-9F7C-E3CBB9BE28D3}.Release|Any CPU.Build.0 = Release|Any CPU
		{D8DAA728-F5B2-4112-BD8A-E369A4E3B827}.Debug|Any CPU.ActiveCfg = Debug|Any CPU
		{D8DAA728-F5B2-4112-BD8A-E369A4E3B827}.Debug|Any CPU.Build.0 = Debug|Any CPU
		{D8DAA728-F5B2-4112-BD8A-E369A4E3B827}.Release|Any CPU.ActiveCfg = Release|Any CPU
		{D8DAA728-F5B2-4112-BD8A-E369A4E3B827}.Release|Any CPU.Build.0 = Release|Any CPU
		{0B8CEA8E-34EF-4D6B-BD4C-28D3436A42A7}.Debug|Any CPU.ActiveCfg = Debug|Any CPU
		{0B8CEA8E-34EF-4D6B-BD4C-28D3436A42A7}.Debug|Any CPU.Build.0 = Debug|Any CPU
		{0B8CEA8E-34EF-4D6B-BD4C-28D3436A42A7}.Release|Any CPU.ActiveCfg = Release|Any CPU
		{0B8CEA8E-34EF-4D6B-BD4C-28D3436A42A7}.Release|Any CPU.Build.0 = Release|Any CPU
		{EF8DE41B-30CA-415F-BB4D-751467E81342}.Debug|Any CPU.ActiveCfg = Debug|Any CPU
		{EF8DE41B-30CA-415F-BB4D-751467E81342}.Debug|Any CPU.Build.0 = Debug|Any CPU
		{EF8DE41B-30CA-415F-BB4D-751467E81342}.Release|Any CPU.ActiveCfg = Release|Any CPU
		{EF8DE41B-30CA-415F-BB4D-751467E81342}.Release|Any CPU.Build.0 = Release|Any CPU
		{44A305BE-53E4-4EEB-8DB2-3F9FAE5FCCD0}.Debug|Any CPU.ActiveCfg = Debug|Any CPU
		{44A305BE-53E4-4EEB-8DB2-3F9FAE5FCCD0}.Debug|Any CPU.Build.0 = Debug|Any CPU
		{44A305BE-53E4-4EEB-8DB2-3F9FAE5FCCD0}.Release|Any CPU.ActiveCfg = Release|Any CPU
		{44A305BE-53E4-4EEB-8DB2-3F9FAE5FCCD0}.Release|Any CPU.Build.0 = Release|Any CPU
	EndGlobalSection
	GlobalSection(SolutionProperties) = preSolution
		HideSolutionNode = FALSE
	EndGlobalSection
	GlobalSection(ExtensibilityGlobals) = postSolution
		SolutionGuid = {E8867D83-D828-45D7-B9DE-5B772842A307}
	EndGlobalSection
EndGlobal
